
Microsoft Visual Studio Solution File, Format Version 12.00
# Visual Studio 15
VisualStudioVersion = 15.0.28010.2046
MinimumVisualStudioVersion = 10.0.40219.1
Project("{9A19103F-16F7-4668-BE54-9A1E7A4F7556}") = "Sean.FullStack.MvcAngular.API", "Jack.FullStack.MvcAngular.API\Sean.FullStack.MvcAngular.API.csproj", "{759158D0-CD81-40D8-A317-E28BFB082130}"
EndProject
Project("{9A19103F-16F7-4668-BE54-9A1E7A4F7556}") = "MvcAngular.Generator", "MvcAngular.Generator\MvcAngular.Generator.csproj", "{0527152D-FF30-45D8-8AFD-1F588B88D542}"
EndProject
Project("{9A19103F-16F7-4668-BE54-9A1E7A4F7556}") = "Sean.DataScience.Common", "Jack.DataScience.Common\Sean.DataScience.Common.csproj", "{81022C8A-BA19-4195-BA0F-2160862A96B9}"
EndProject
Project("{9A19103F-16F7-4668-BE54-9A1E7A4F7556}") = "Sean.DataScience.Logging.Serilog", "Jack.DataScience.Logging.Serilog\Sean.DataScience.Logging.Serilog.csproj", "{632A1CCF-C0F4-446D-B0DD-2B219988F861}"
EndProject
Project("{9A19103F-16F7-4668-BE54-9A1E7A4F7556}") = "ArangoDB.Client.Sean", "ArangoDB.Client\ArangoDB.Client.Sean.csproj", "{32469719-2902-485B-A234-27CC2472B9AB}"
EndProject
Global
	GlobalSection(SolutionConfigurationPlatforms) = preSolution
		Debug|Any CPU = Debug|Any CPU
		Release|Any CPU = Release|Any CPU
	EndGlobalSection
	GlobalSection(ProjectConfigurationPlatforms) = postSolution
		{759158D0-CD81-40D8-A317-E28BFB082130}.Debug|Any CPU.ActiveCfg = Debug|Any CPU
		{759158D0-CD81-40D8-A317-E28BFB082130}.Debug|Any CPU.Build.0 = Debug|Any CPU
		{759158D0-CD81-40D8-A317-E28BFB082130}.Release|Any CPU.ActiveCfg = Release|Any CPU
		{759158D0-CD81-40D8-A317-E28BFB082130}.Release|Any CPU.Build.0 = Release|Any CPU
		{0527152D-FF30-45D8-8AFD-1F588B88D542}.Debug|Any CPU.ActiveCfg = Debug|Any CPU
		{0527152D-FF30-45D8-8AFD-1F588B88D542}.Debug|Any CPU.Build.0 = Debug|Any CPU
		{0527152D-FF30-45D8-8AFD-1F588B88D542}.Release|Any CPU.ActiveCfg = Release|Any CPU
		{0527152D-FF30-45D8-8AFD-1F588B88D542}.Release|Any CPU.Build.0 = Release|Any CPU
		{81022C8A-BA19-4195-BA0F-2160862A96B9}.Debug|Any CPU.ActiveCfg = Debug|Any CPU
		{81022C8A-BA19-4195-BA0F-2160862A96B9}.Debug|Any CPU.Build.0 = Debug|Any CPU
		{81022C8A-BA19-4195-BA0F-2160862A96B9}.Release|Any CPU.ActiveCfg = Release|Any CPU
		{81022C8A-BA19-4195-BA0F-2160862A96B9}.Release|Any CPU.Build.0 = Release|Any CPU
		{632A1CCF-C0F4-446D-B0DD-2B219988F861}.Debug|Any CPU.ActiveCfg = Debug|Any CPU
		{632A1CCF-C0F4-446D-B0DD-2B219988F861}.Debug|Any CPU.Build.0 = Debug|Any CPU
		{632A1CCF-C0F4-446D-B0DD-2B219988F861}.Release|Any CPU.ActiveCfg = Release|Any CPU
		{632A1CCF-C0F4-446D-B0DD-2B219988F861}.Release|Any CPU.Build.0 = Release|Any CPU
		{32469719-2902-485B-A234-27CC2472B9AB}.Debug|Any CPU.ActiveCfg = Debug|Any CPU
		{32469719-2902-485B-A234-27CC2472B9AB}.Debug|Any CPU.Build.0 = Debug|Any CPU
		{32469719-2902-485B-A234-27CC2472B9AB}.Release|Any CPU.ActiveCfg = Release|Any CPU
		{32469719-2902-485B-A234-27CC2472B9AB}.Release|Any CPU.Build.0 = Release|Any CPU
	EndGlobalSection
	GlobalSection(SolutionProperties) = preSolution
		HideSolutionNode = FALSE
	EndGlobalSection
	GlobalSection(ExtensibilityGlobals) = postSolution
		SolutionGuid = {86CD6188-A3D5-4EAE-A1DF-5C6A36BABE38}
	EndGlobalSection
EndGlobal
